// !$*UTF8*$!
{
	archiveVersion = 1;
	classes = {
	};
	objectVersion = 46;
	objects = {

/* Begin PBXBuildFile section */
		C2AC6D841A3E091B00993717 /* AppDelegate.m in Sources */ = {isa = PBXBuildFile; fileRef = C2AC6D831A3E091B00993717 /* AppDelegate.m */; };
		C2AC6D861A3E091B00993717 /* main.m in Sources */ = {isa = PBXBuildFile; fileRef = C2AC6D851A3E091B00993717 /* main.m */; };
		C2AC6D881A3E091B00993717 /* Images.xcassets in Resources */ = {isa = PBXBuildFile; fileRef = C2AC6D871A3E091B00993717 /* Images.xcassets */; };
		C2AC6D8B1A3E091B00993717 /* MainMenu.xib in Resources */ = {isa = PBXBuildFile; fileRef = C2AC6D891A3E091B00993717 /* MainMenu.xib */; };
		C2AC6D971A3E091B00993717 /* SpeakLineTests.m in Sources */ = {isa = PBXBuildFile; fileRef = C2AC6D961A3E091B00993717 /* SpeakLineTests.m */; };
/* End PBXBuildFile section */

/* Begin PBXContainerItemProxy section */
		C2AC6D911A3E091B00993717 /* PBXContainerItemProxy */ = {
			isa = PBXContainerItemProxy;
			containerPortal = C2AC6D751A3E091B00993717 /* Project object */;
			proxyType = 1;
			remoteGlobalIDString = C2AC6D7C1A3E091B00993717;
			remoteInfo = SpeakLine;
		};
/* End PBXContainerItemProxy section */

/* Begin PBXFileReference section */
		C2AC6D7D1A3E091B00993717 /* SpeakLine.app */ = {isa = PBXFileReference; explicitFileType = wrapper.application; includeInIndex = 0; path = SpeakLine.app; sourceTree = BUILT_PRODUCTS_DIR; };
		C2AC6D811A3E091B00993717 /* Info.plist */ = {isa = PBXFileReference; lastKnownFileType = text.plist.xml; path = Info.plist; sourceTree = "<group>"; };
		C2AC6D821A3E091B00993717 /* AppDelegate.h */ = {isa = PBXFileReference; lastKnownFileType = sourcecode.c.h; path = AppDelegate.h; sourceTree = "<group>"; };
		C2AC6D831A3E091B00993717 /* AppDelegate.m */ = {isa = PBXFileReference; lastKnownFileType = sourcecode.c.objc; path = AppDelegate.m; sourceTree = "<group>"; };
		C2AC6D851A3E091B00993717 /* main.m */ = {isa = PBXFileReference; lastKnownFileType = sourcecode.c.objc; path = main.m; sourceTree = "<group>"; };
		C2AC6D871A3E091B00993717 /* Images.xcassets */ = {isa = PBXFileReference; lastKnownFileType = folder.assetcatalog; path = Images.xcassets; sourceTree = "<group>"; };
		C2AC6D8A1A3E091B00993717 /* Base */ = {isa = PBXFileReference; lastKnownFileType = file.xib; name = Base; path = Base.lproj/MainMenu.xib; sourceTree = "<group>"; };
		C2AC6D901A3E091B00993717 /* SpeakLineTests.xctest */ = {isa = PBXFileReference; explicitFileType = wrapper.cfbundle; includeInIndex = 0; path = SpeakLineTests.xctest; sourceTree = BUILT_PRODUCTS_DIR; };
		C2AC6D951A3E091B00993717 /* Info.plist */ = {isa = PBXFileReference; lastKnownFileType = text.plist.xml; path = Info.plist; sourceTree = "<group>"; };
		C2AC6D961A3E091B00993717 /* SpeakLineTests.m */ = {isa = PBXFileReference; lastKnownFileType = sourcecode.c.objc; path = SpeakLineTests.m; sourceTree = "<group>"; };
/* End PBXFileReference section */

/* Begin PBXFrameworksBuildPhase section */
		C2AC6D7A1A3E091B00993717 /* Frameworks */ = {
			isa = PBXFrameworksBuildPhase;
			buildActionMask = 2147483647;
			files = (
			);
			runOnlyForDeploymentPostprocessing = 0;
		};
		C2AC6D8D1A3E091B00993717 /* Frameworks */ = {
			isa = PBXFrameworksBuildPhase;
			buildActionMask = 2147483647;
			files = (
			);
			runOnlyForDeploymentPostprocessing = 0;
		};
/* End PBXFrameworksBuildPhase section */

/* Begin PBXGroup section */
		C2AC6D741A3E091B00993717 = {
			isa = PBXGroup;
			children = (
				C2AC6D7F1A3E091B00993717 /* SpeakLine */,
				C2AC6D931A3E091B00993717 /* SpeakLineTests */,
				C2AC6D7E1A3E091B00993717 /* Products */,
			);
			sourceTree = "<group>";
		};
		C2AC6D7E1A3E091B00993717 /* Products */ = {
			isa = PBXGroup;
			children = (
				C2AC6D7D1A3E091B00993717 /* SpeakLine.app */,
				C2AC6D901A3E091B00993717 /* SpeakLineTests.xctest */,
			);
			name = Products;
			sourceTree = "<group>";
		};
		C2AC6D7F1A3E091B00993717 /* SpeakLine */ = {
			isa = PBXGroup;
			children = (
				C2AC6D821A3E091B00993717 /* AppDelegate.h */,
				C2AC6D831A3E091B00993717 /* AppDelegate.m */,
				C2AC6D871A3E091B00993717 /* Images.xcassets */,
				C2AC6D891A3E091B00993717 /* MainMenu.xib */,
				C2AC6D801A3E091B00993717 /* Supporting Files */,
			);
			path = SpeakLine;
			sourceTree = "<group>";
		};
		C2AC6D801A3E091B00993717 /* Supporting Files */ = {
			isa = PBXGroup;
			children = (
				C2AC6D811A3E091B00993717 /* Info.plist */,
				C2AC6D851A3E091B00993717 /* main.m */,
			);
			name = "Supporting Files";
			sourceTree = "<group>";
		};
		C2AC6D931A3E091B00993717 /* SpeakLineTests */ = {
			isa = PBXGroup;
			children = (
				C2AC6D961A3E091B00993717 /* SpeakLineTests.m */,
				C2AC6D941A3E091B00993717 /* Supporting Files */,
			);
			path = SpeakLineTests;
			sourceTree = "<group>";
		};
		C2AC6D941A3E091B00993717 /* Supporting Files */ = {
			isa = PBXGroup;
			children = (
				C2AC6D951A3E091B00993717 /* Info.plist */,
			);
			name = "Supporting Files";
			sourceTree = "<group>";
		};
/* End PBXGroup section */

/* Begin PBXNativeTarget section */
		C2AC6D7C1A3E091B00993717 /* SpeakLine */ = {
			isa = PBXNativeTarget;
			buildConfigurationList = C2AC6D9A1A3E091B00993717 /* Build configuration list for PBXNativeTarget "SpeakLine" */;
			buildPhases = (
				C2AC6D791A3E091B00993717 /* Sources */,
				C2AC6D7A1A3E091B00993717 /* Frameworks */,
				C2AC6D7B1A3E091B00993717 /* Resources */,
			);
			buildRules = (
			);
			dependencies = (
			);
			name = SpeakLine;
			productName = SpeakLine;
			productReference = C2AC6D7D1A3E091B00993717 /* SpeakLine.app */;
			productType = "com.apple.product-type.application";
		};
		C2AC6D8F1A3E091B00993717 /* SpeakLineTests */ = {
			isa = PBXNativeTarget;
			buildConfigurationList = C2AC6D9D1A3E091B00993717 /* Build configuration list for PBXNativeTarget "SpeakLineTests" */;
			buildPhases = (
				C2AC6D8C1A3E091B00993717 /* Sources */,
				C2AC6D8D1A3E091B00993717 /* Frameworks */,
				C2AC6D8E1A3E091B00993717 /* Resources */,
			);
			buildRules = (
			);
			dependencies = (
				C2AC6D921A3E091B00993717 /* PBXTargetDependency */,
			);
			name = SpeakLineTests;
			productName = SpeakLineTests;
			productReference = C2AC6D901A3E091B00993717 /* SpeakLineTests.xctest */;
			productType = "com.apple.product-type.bundle.unit-test";
		};
/* End PBXNativeTarget section */

/* Begin PBXProject section */
		C2AC6D751A3E091B00993717 /* Project object */ = {
			isa = PBXProject;
			attributes = {
				LastUpgradeCheck = 0610;
				ORGANIZATIONNAME = xiaoba;
				TargetAttributes = {
					C2AC6D7C1A3E091B00993717 = {
						CreatedOnToolsVersion = 6.1.1;
					};
					C2AC6D8F1A3E091B00993717 = {
						CreatedOnToolsVersion = 6.1.1;
						TestTargetID = C2AC6D7C1A3E091B00993717;
					};
				};
			};
			buildConfigurationList = C2AC6D781A3E091B00993717 /* Build configuration list for PBXProject "SpeakLine" */;
			compatibilityVersion = "Xcode 3.2";
			developmentRegion = English;
			hasScannedForEncodings = 0;
			knownRegions = (
				en,
				Base,
			);
			mainGroup = C2AC6D741A3E091B00993717;
			productRefGroup = C2AC6D7E1A3E091B00993717 /* Products */;
			projectDirPath = "";
			projectRoot = "";
			targets = (
				C2AC6D7C1A3E091B00993717 /* SpeakLine */,
				C2AC6D8F1A3E091B00993717 /* SpeakLineTests */,
			);
		};
/* End PBXProject section */

/* Begin PBXResourcesBuildPhase section */
		C2AC6D7B1A3E091B00993717 /* Resources */ = {
			isa = PBXResourcesBuildPhase;
			buildActionMask = 2147483647;
			files = (
				C2AC6D881A3E091B00993717 /* Images.xcassets in Resources */,
				C2AC6D8B1A3E091B00993717 /* MainMenu.xib in Resources */,
			);
			runOnlyForDeploymentPostprocessing = 0;
		};
		C2AC6D8E1A3E091B00993717 /* Resources */ = {
			isa = PBXResourcesBuildPhase;
			buildActionMask = 2147483647;
			files = (
			);
			runOnlyForDeploymentPostprocessing = 0;
		};
/* End PBXResourcesBuildPhase section */

/* Begin PBXSourcesBuildPhase section */
		C2AC6D791A3E091B00993717 /* Sources */ = {
			isa = PBXSourcesBuildPhase;
			buildActionMask = 2147483647;
			files = (
				C2AC6D861A3E091B00993717 /* main.m in Sources */,
				C2AC6D841A3E091B00993717 /* AppDelegate.m in Sources */,
			);
			runOnlyForDeploymentPostprocessing = 0;
		};
		C2AC6D8C1A3E091B00993717 /* Sources */ = {
			isa = PBXSourcesBuildPhase;
			buildActionMask = 2147483647;
			files = (
				C2AC6D971A3E091B00993717 /* SpeakLineTests.m in Sources */,
			);
			runOnlyForDeploymentPostprocessing = 0;
		};
/* End PBXSourcesBuildPhase section */

/* Begin PBXTargetDependency section */
		C2AC6D921A3E091B00993717 /* PBXTargetDependency */ = {
			isa = PBXTargetDependency;
			target = C2AC6D7C1A3E091B00993717 /* SpeakLine */;
			targetProxy = C2AC6D911A3E091B00993717 /* PBXContainerItemProxy */;
		};
/* End PBXTargetDependency section */

/* Begin PBXVariantGroup section */
		C2AC6D891A3E091B00993717 /* MainMenu.xib */ = {
			isa = PBXVariantGroup;
			children = (
				C2AC6D8A1A3E091B00993717 /* Base */,
			);
			name = MainMenu.xib;
			sourceTree = "<group>";
		};
/* End PBXVariantGroup section */

/* Begin XCBuildConfiguration section */
		C2AC6D981A3E091B00993717 /* Debug */ = {
			isa = XCBuildConfiguration;
			buildSettings = {
				ALWAYS_SEARCH_USER_PATHS = NO;
				CLANG_CXX_LANGUAGE_STANDARD = "gnu++0x";
				CLANG_CXX_LIBRARY = "libc++";
				CLANG_ENABLE_MODULES = YES;
				CLANG_ENABLE_OBJC_ARC = YES;
				CLANG_WARN_BOOL_CONVERSION = YES;
				CLANG_WARN_CONSTANT_CONVERSION = YES;
				CLANG_WARN_DIRECT_OBJC_ISA_USAGE = YES_ERROR;
				CLANG_WARN_EMPTY_BODY = YES;
				CLANG_WARN_ENUM_CONVERSION = YES;
				CLANG_WARN_INT_CONVERSION = YES;
				CLANG_WARN_OBJC_ROOT_CLASS = YES_ERROR;
				CLANG_WARN_UNREACHABLE_CODE = YES;
				CLANG_WARN__DUPLICATE_METHOD_MATCH = YES;
				CODE_SIGN_IDENTITY = "-";
				COPY_PHASE_STRIP = NO;
				ENABLE_STRICT_OBJC_MSGSEND = YES;
				GCC_C_LANGUAGE_STANDARD = gnu99;
				GCC_DYNAMIC_NO_PIC = NO;
				GCC_OPTIMIZATION_LEVEL = 0;
				GCC_PREPROCESSOR_DEFINITIONS = (
					"DEBUG=1",
					"$(inherited)",
				);
				GCC_SYMBOLS_PRIVATE_EXTERN = NO;
				GCC_WARN_64_TO_32_BIT_CONVERSION = YES;
				GCC_WARN_ABOUT_RETURN_TYPE = YES_ERROR;
				GCC_WARN_UNDECLARED_SELECTOR = YES;
				GCC_WARN_UNINITIALIZED_AUTOS = YES_AGGRESSIVE;
				GCC_WARN_UNUSED_FUNCTION = YES;
				GCC_WARN_UNUSED_VARIABLE = YES;
				MACOSX_DEPLOYMENT_TARGET = 10.9;
				MTL_ENABLE_DEBUG_INFO = YES;
				ONLY_ACTIVE_ARCH = YES;
				SDKROOT = macosx;
			};
			name = Debug;
		};
		C2AC6D991A3E091B00993717 /* Release */ = {
			isa = XCBuildConfiguration;
			buildSettings = {
				ALWAYS_SEARCH_USER_PATHS = NO;
				CLANG_CXX_LANGUAGE_STANDARD = "gnu++0x";
				CLANG_CXX_LIBRARY = "libc++";
				CLANG_ENABLE_MODULES = YES;
				CLANG_ENABLE_OBJC_ARC = YES;
				CLANG_WARN_BOOL_CONVERSION = YES;
				CLANG_WARN_CONSTANT_CONVERSION = YES;
				CLANG_WARN_DIRECT_OBJC_ISA_USAGE = YES_ERROR;
				CLANG_WARN_EMPTY_BODY = YES;
				CLANG_WARN_ENUM_CONVERSION = YES;
				CLANG_WARN_INT_CONVERSION = YES;
				CLANG_WARN_OBJC_ROOT_CLASS = YES_ERROR;
				CLANG_WARN_UNREACHABLE_CODE = YES;
				CLANG_WARN__DUPLICATE_METHOD_MATCH = YES;
				CODE_SIGN_IDENTITY = "-";
				COPY_PHASE_STRIP = YES;
				DEBUG_INFORMATION_FORMAT = "dwarf-with-dsym";
				ENABLE_NS_ASSERTIONS = NO;
				ENABLE_STRICT_OBJC_MSGSEND = YES;
				GCC_C_LANGUAGE_STANDARD = gnu99;
				GCC_WARN_64_TO_32_BIT_CONVERSION = YES;
				GCC_WARN_ABOUT_RETURN_TYPE = YES_ERROR;
				GCC_WARN_UNDECLARED_SELECTOR = YES;
				GCC_WARN_UNINITIALIZED_AUTOS = YES_AGGRESSIVE;
				GCC_WARN_UNUSED_FUNCTION = YES;
				GCC_WARN_UNUSED_VARIABLE = YES;
				MACOSX_DEPLOYMENT_TARGET = 10.9;
				MTL_ENABLE_DEBUG_INFO = NO;
				SDKROOT = macosx;
			};
			name = Release;
		};
		C2AC6D9B1A3E091B00993717 /* Debug */ = {
			isa = XCBuildConfiguration;
			buildSettings = {
				ASSETCATALOG_COMPILER_APPICON_NAME = AppIcon;
				COMBINE_HIDPI_IMAGES = YES;
				INFOPLIST_FILE = SpeakLine/Info.plist;
				LD_RUNPATH_SEARCH_PATHS = "$(inherited) @executable_path/../Frameworks";
				PRODUCT_NAME = "$(TARGET_NAME)";
			};
			name = Debug;
		};
		C2AC6D9C1A3E091B00993717 /* Release */ = {
			isa = XCBuildConfiguration;
			buildSettings = {
				ASSETCATALOG_COMPILER_APPICON_NAME = AppIcon;
				COMBINE_HIDPI_IMAGES = YES;
				INFOPLIST_FILE = SpeakLine/Info.plist;
				LD_RUNPATH_SEARCH_PATHS = "$(inherited) @executable_path/../Frameworks";
				PRODUCT_NAME = "$(TARGET_NAME)";
			};
			name = Release;
		};
		C2AC6D9E1A3E091B00993717 /* Debug */ = {
			isa = XCBuildConfiguration;
			buildSettings = {
				BUNDLE_LOADER = "$(TEST_HOST)";
				COMBINE_HIDPI_IMAGES = YES;
				FRAMEWORK_SEARCH_PATHS = (
					"$(DEVELOPER_FRAMEWORKS_DIR)",
					"$(inherited)",
				);
				GCC_PREPROCESSOR_DEFINITIONS = (
					"DEBUG=1",
					"$(inherited)",
				);
				INFOPLIST_FILE = SpeakLineTests/Info.plist;
				LD_RUNPATH_SEARCH_PATHS = "$(inherited) @executable_path/../Frameworks @loader_path/../Frameworks";
				PRODUCT_NAME = "$(TARGET_NAME)";
				TEST_HOST = "$(BUILT_PRODUCTS_DIR)/SpeakLine.app/Contents/MacOS/SpeakLine";
			};
			name = Debug;
		};
		C2AC6D9F1A3E091B00993717 /* Release */ = {
			isa = XCBuildConfiguration;
			buildSettings = {
				BUNDLE_LOADER = "$(TEST_HOST)";
				COMBINE_HIDPI_IMAGES = YES;
				FRAMEWORK_SEARCH_PATHS = (
					"$(DEVELOPER_FRAMEWORKS_DIR)",
					"$(inherited)",
				);
				INFOPLIST_FILE = SpeakLineTests/Info.plist;
				LD_RUNPATH_SEARCH_PATHS = "$(inherited) @executable_path/../Frameworks @loader_path/../Frameworks";
				PRODUCT_NAME = "$(TARGET_NAME)";
				TEST_HOST = "$(BUILT_PRODUCTS_DIR)/SpeakLine.app/Contents/MacOS/SpeakLine";
			};
			name = Release;
		};
/* End XCBuildConfiguration section */

/* Begin XCConfigurationList section */
		C2AC6D781A3E091B00993717 /* Build configuration list for PBXProject "SpeakLine" */ = {
			isa = XCConfigurationList;
			buildConfigurations = (
				C2AC6D981A3E091B00993717 /* Debug */,
				C2AC6D991A3E091B00993717 /* Release */,
			);
			defaultConfigurationIsVisible = 0;
			defaultConfigurationName = Release;
		};
		C2AC6D9A1A3E091B00993717 /* Build configuration list for PBXNativeTarget "SpeakLine" */ = {
			isa = XCConfigurationList;
			buildConfigurations = (
				C2AC6D9B1A3E091B00993717 /* Debug */,
				C2AC6D9C1A3E091B00993717 /* Release */,
			);
			defaultConfigurationIsVisible = 0;
		};
		C2AC6D9D1A3E091B00993717 /* Build configuration list for PBXNativeTarget "SpeakLineTests" */ = {
			isa = XCConfigurationList;
			buildConfigurations = (
				C2AC6D9E1A3E091B00993717 /* Debug */,
				C2AC6D9F1A3E091B00993717 /* Release */,
			);
			defaultConfigurationIsVisible = 0;
		};
/* End XCConfigurationList section */
	};
	rootObject = C2AC6D751A3E091B00993717 /* Project object */;
}
